
Microsoft Visual Studio Solution File, Format Version 12.00
# Visual Studio Version 17
VisualStudioVersion = 17.6.33829.357
MinimumVisualStudioVersion = 10.0.40219.1
Project("{778DAE3C-4631-46EA-AA77-85C1314464D9}") = "NotpadClone", "NotpadClone\NotpadClone.vbproj", "{CDD45871-A366-45DD-88E9-EA67BC81A428}"
EndProject
Global
	GlobalSection(SolutionConfigurationPlatforms) = preSolution
		Debug|Any CPU = Debug|Any CPU
		Release|Any CPU = Release|Any CPU
	EndGlobalSection
	GlobalSection(ProjectConfigurationPlatforms) = postSolution
		{CDD45871-A366-45DD-88E9-EA67BC81A428}.Debug|Any CPU.ActiveCfg = Debug|Any CPU
		{CDD45871-A366-45DD-88E9-EA67BC81A428}.Debug|Any CPU.Build.0 = Debug|Any CPU
		{CDD45871-A366-45DD-88E9-EA67BC81A428}.Release|Any CPU.ActiveCfg = Release|Any CPU
		{CDD45871-A366-45DD-88E9-EA67BC81A428}.Release|Any CPU.Build.0 = Release|Any CPU
	EndGlobalSection
	GlobalSection(SolutionProperties) = preSolution
		HideSolutionNode = FALSE
	EndGlobalSection
	GlobalSection(ExtensibilityGlobals) = postSolution
		SolutionGuid = {91095210-92CA-4098-9759-5C6AE5192741}
	EndGlobalSection
EndGlobal
